// !$*UTF8*$!
{
	archiveVersion = 1;
	classes = {
	};
	objectVersion = 55;
	objects = {

/* Begin PBXBuildFile section */
		3409F5CC2861F0E400F35463 /* Game.swift in Sources */ = {isa = PBXBuildFile; fileRef = 3409F5CB2861F0E400F35463 /* Game.swift */; };
		34A4068A285DDF1200E705E7 /* Trivia_QuestApp.swift in Sources */ = {isa = PBXBuildFile; fileRef = 34A40689285DDF1200E705E7 /* Trivia_QuestApp.swift */; };
		34A4068C285DDF1200E705E7 /* GameView.swift in Sources */ = {isa = PBXBuildFile; fileRef = 34A4068B285DDF1200E705E7 /* GameView.swift */; };
		34A4068E285DDF1400E705E7 /* Assets.xcassets in Resources */ = {isa = PBXBuildFile; fileRef = 34A4068D285DDF1400E705E7 /* Assets.xcassets */; };
		34A40691285DDF1400E705E7 /* Preview Assets.xcassets in Resources */ = {isa = PBXBuildFile; fileRef = 34A40690285DDF1400E705E7 /* Preview Assets.xcassets */; };
		34C6C7372869CC020054592B /* WelcomeView.swift in Sources */ = {isa = PBXBuildFile; fileRef = 34C6C7362869CC020054592B /* WelcomeView.swift */; };
		34C6C7392869D2F60054592B /* GameColor.swift in Sources */ = {isa = PBXBuildFile; fileRef = 34C6C7382869D2F60054592B /* GameColor.swift */; };
		34C6C73B2869D5900054592B /* BottomTextView.swift in Sources */ = {isa = PBXBuildFile; fileRef = 34C6C73A2869D5900054592B /* BottomTextView.swift */; };
		34D02865286C5BAE00703F56 /* ScoreView.swift in Sources */ = {isa = PBXBuildFile; fileRef = 34D02864286C5BAE00703F56 /* ScoreView.swift */; };
		34D02867286C5FB000703F56 /* ScoreViewModel.swift in Sources */ = {isa = PBXBuildFile; fileRef = 34D02866286C5FB000703F56 /* ScoreViewModel.swift */; };
		34F3F663286B45A500C5ABCE /* GameViewModel.swift in Sources */ = {isa = PBXBuildFile; fileRef = 34F3F662286B45A500C5ABCE /* GameViewModel.swift */; };
		34F3F665286B49CA00C5ABCE /* QuestionView.swift in Sources */ = {isa = PBXBuildFile; fileRef = 34F3F664286B49CA00C5ABCE /* QuestionView.swift */; };
		34F8E16F2861C9F900BE8E5E /* Question.swift in Sources */ = {isa = PBXBuildFile; fileRef = 34F8E16E2861C9F900BE8E5E /* Question.swift */; };
		34F8E1712861D66200BE8E5E /* ChoiceTextView.swift in Sources */ = {isa = PBXBuildFile; fileRef = 34F8E1702861D66200BE8E5E /* ChoiceTextView.swift */; };
/* End PBXBuildFile section */

/* Begin PBXFileReference section */
		3409F5CB2861F0E400F35463 /* Game.swift */ = {isa = PBXFileReference; lastKnownFileType = sourcecode.swift; path = Game.swift; sourceTree = "<group>"; };
		34A40686285DDF1200E705E7 /* Trivia Quest.app */ = {isa = PBXFileReference; explicitFileType = wrapper.application; includeInIndex = 0; path = "Trivia Quest.app"; sourceTree = BUILT_PRODUCTS_DIR; };
		34A40689285DDF1200E705E7 /* Trivia_QuestApp.swift */ = {isa = PBXFileReference; lastKnownFileType = sourcecode.swift; path = Trivia_QuestApp.swift; sourceTree = "<group>"; };
		34A4068B285DDF1200E705E7 /* GameView.swift */ = {isa = PBXFileReference; lastKnownFileType = sourcecode.swift; path = GameView.swift; sourceTree = "<group>"; };
		34A4068D285DDF1400E705E7 /* Assets.xcassets */ = {isa = PBXFileReference; lastKnownFileType = folder.assetcatalog; path = Assets.xcassets; sourceTree = "<group>"; };
		34A40690285DDF1400E705E7 /* Preview Assets.xcassets */ = {isa = PBXFileReference; lastKnownFileType = folder.assetcatalog; path = "Preview Assets.xcassets"; sourceTree = "<group>"; };
		34C6C7362869CC020054592B /* WelcomeView.swift */ = {isa = PBXFileReference; lastKnownFileType = sourcecode.swift; path = WelcomeView.swift; sourceTree = "<group>"; };
		34C6C7382869D2F60054592B /* GameColor.swift */ = {isa = PBXFileReference; lastKnownFileType = sourcecode.swift; path = GameColor.swift; sourceTree = "<group>"; };
		34C6C73A2869D5900054592B /* BottomTextView.swift */ = {isa = PBXFileReference; lastKnownFileType = sourcecode.swift; path = BottomTextView.swift; sourceTree = "<group>"; };
		34D02864286C5BAE00703F56 /* ScoreView.swift */ = {isa = PBXFileReference; lastKnownFileType = sourcecode.swift; path = ScoreView.swift; sourceTree = "<group>"; };
		34D02866286C5FB000703F56 /* ScoreViewModel.swift */ = {isa = PBXFileReference; lastKnownFileType = sourcecode.swift; path = ScoreViewModel.swift; sourceTree = "<group>"; };
		34F3F662286B45A500C5ABCE /* GameViewModel.swift */ = {isa = PBXFileReference; lastKnownFileType = sourcecode.swift; path = GameViewModel.swift; sourceTree = "<group>"; };
		34F3F664286B49CA00C5ABCE /* QuestionView.swift */ = {isa = PBXFileReference; lastKnownFileType = sourcecode.swift; path = QuestionView.swift; sourceTree = "<group>"; };
		34F8E16E2861C9F900BE8E5E /* Question.swift */ = {isa = PBXFileReference; lastKnownFileType = sourcecode.swift; path = Question.swift; sourceTree = "<group>"; };
		34F8E1702861D66200BE8E5E /* ChoiceTextView.swift */ = {isa = PBXFileReference; lastKnownFileType = sourcecode.swift; path = ChoiceTextView.swift; sourceTree = "<group>"; };
/* End PBXFileReference section */

/* Begin PBXFrameworksBuildPhase section */
		34A40683285DDF1200E705E7 /* Frameworks */ = {
			isa = PBXFrameworksBuildPhase;
			buildActionMask = 2147483647;
			files = (
			);
			runOnlyForDeploymentPostprocessing = 0;
		};
/* End PBXFrameworksBuildPhase section */

/* Begin PBXGroup section */
		3409F5CD2861F12800F35463 /* Models */ = {
			isa = PBXGroup;
			children = (
				3409F5CB2861F0E400F35463 /* Game.swift */,
				34F8E16E2861C9F900BE8E5E /* Question.swift */,
			);
			path = Models;
			sourceTree = "<group>";
		};
		3409F5CE2861F14800F35463 /* Views */ = {
			isa = PBXGroup;
			children = (
				34C6C7382869D2F60054592B /* GameColor.swift */,
				34F8E1702861D66200BE8E5E /* ChoiceTextView.swift */,
				34C6C73A2869D5900054592B /* BottomTextView.swift */,
				34C6C7362869CC020054592B /* WelcomeView.swift */,
				34A4068B285DDF1200E705E7 /* GameView.swift */,
				34F3F664286B49CA00C5ABCE /* QuestionView.swift */,
				34D02864286C5BAE00703F56 /* ScoreView.swift */,
			);
			path = Views;
			sourceTree = "<group>";
		};
		34A4067D285DDF1200E705E7 = {
			isa = PBXGroup;
			children = (
				34A40688285DDF1200E705E7 /* Trivia Quest */,
				34A40687285DDF1200E705E7 /* Products */,
			);
			sourceTree = "<group>";
		};
		34A40687285DDF1200E705E7 /* Products */ = {
			isa = PBXGroup;
			children = (
				34A40686285DDF1200E705E7 /* Trivia Quest.app */,
			);
			name = Products;
			sourceTree = "<group>";
		};
		34A40688285DDF1200E705E7 /* Trivia Quest */ = {
			isa = PBXGroup;
			children = (
				34F3F661286B459300C5ABCE /* ViewModels */,
				34A4068D285DDF1400E705E7 /* Assets.xcassets */,
				34A40689285DDF1200E705E7 /* Trivia_QuestApp.swift */,
				3409F5CE2861F14800F35463 /* Views */,
				3409F5CD2861F12800F35463 /* Models */,
				34A4068F285DDF1400E705E7 /* Preview Content */,
			);
			path = "Trivia Quest";
			sourceTree = "<group>";
		};
		34A4068F285DDF1400E705E7 /* Preview Content */ = {
			isa = PBXGroup;
			children = (
				34A40690285DDF1400E705E7 /* Preview Assets.xcassets */,
			);
			path = "Preview Content";
			sourceTree = "<group>";
		};
		34F3F661286B459300C5ABCE /* ViewModels */ = {
			isa = PBXGroup;
			children = (
				34F3F662286B45A500C5ABCE /* GameViewModel.swift */,
				34D02866286C5FB000703F56 /* ScoreViewModel.swift */,
			);
			path = ViewModels;
			sourceTree = "<group>";
		};
/* End PBXGroup section */

/* Begin PBXNativeTarget section */
		34A40685285DDF1200E705E7 /* Trivia Quest */ = {
			isa = PBXNativeTarget;
			buildConfigurationList = 34A40694285DDF1400E705E7 /* Build configuration list for PBXNativeTarget "Trivia Quest" */;
			buildPhases = (
				34A40682285DDF1200E705E7 /* Sources */,
				34A40683285DDF1200E705E7 /* Frameworks */,
				34A40684285DDF1200E705E7 /* Resources */,
			);
			buildRules = (
			);
			dependencies = (
			);
			name = "Trivia Quest";
			productName = "Trivia Quest";
			productReference = 34A40686285DDF1200E705E7 /* Trivia Quest.app */;
			productType = "com.apple.product-type.application";
		};
/* End PBXNativeTarget section */

/* Begin PBXProject section */
		34A4067E285DDF1200E705E7 /* Project object */ = {
			isa = PBXProject;
			attributes = {
				BuildIndependentTargetsInParallel = 1;
				LastSwiftUpdateCheck = 1340;
				LastUpgradeCheck = 1340;
				TargetAttributes = {
					34A40685285DDF1200E705E7 = {
						CreatedOnToolsVersion = 13.4.1;
					};
				};
			};
			buildConfigurationList = 34A40681285DDF1200E705E7 /* Build configuration list for PBXProject "Trivia Quest" */;
			compatibilityVersion = "Xcode 13.0";
			developmentRegion = en;
			hasScannedForEncodings = 0;
			knownRegions = (
				en,
				Base,
			);
			mainGroup = 34A4067D285DDF1200E705E7;
			productRefGroup = 34A40687285DDF1200E705E7 /* Products */;
			projectDirPath = "";
			projectRoot = "";
			targets = (
				34A40685285DDF1200E705E7 /* Trivia Quest */,
			);
		};
/* End PBXProject section */

/* Begin PBXResourcesBuildPhase section */
		34A40684285DDF1200E705E7 /* Resources */ = {
			isa = PBXResourcesBuildPhase;
			buildActionMask = 2147483647;
			files = (
				34A40691285DDF1400E705E7 /* Preview Assets.xcassets in Resources */,
				34A4068E285DDF1400E705E7 /* Assets.xcassets in Resources */,
			);
			runOnlyForDeploymentPostprocessing = 0;
		};
/* End PBXResourcesBuildPhase section */

/* Begin PBXSourcesBuildPhase section */
		34A40682285DDF1200E705E7 /* Sources */ = {
			isa = PBXSourcesBuildPhase;
			buildActionMask = 2147483647;
			files = (
				34F3F665286B49CA00C5ABCE /* QuestionView.swift in Sources */,
				34F3F663286B45A500C5ABCE /* GameViewModel.swift in Sources */,
				34F8E16F2861C9F900BE8E5E /* Question.swift in Sources */,
				34D02867286C5FB000703F56 /* ScoreViewModel.swift in Sources */,
				34C6C7372869CC020054592B /* WelcomeView.swift in Sources */,
				3409F5CC2861F0E400F35463 /* Game.swift in Sources */,
				34A4068C285DDF1200E705E7 /* GameView.swift in Sources */,
				34C6C73B2869D5900054592B /* BottomTextView.swift in Sources */,
				34D02865286C5BAE00703F56 /* ScoreView.swift in Sources */,
				34C6C7392869D2F60054592B /* GameColor.swift in Sources */,
				34F8E1712861D66200BE8E5E /* ChoiceTextView.swift in Sources */,
				34A4068A285DDF1200E705E7 /* Trivia_QuestApp.swift in Sources */,
			);
			runOnlyForDeploymentPostprocessing = 0;
		};
/* End PBXSourcesBuildPhase section */

/* Begin XCBuildConfiguration section */
		34A40692285DDF1400E705E7 /* Debug */ = {
			isa = XCBuildConfiguration;
			buildSettings = {
				ALWAYS_SEARCH_USER_PATHS = NO;
				CLANG_ANALYZER_NONNULL = YES;
				CLANG_ANALYZER_NUMBER_OBJECT_CONVERSION = YES_AGGRESSIVE;
				CLANG_CXX_LANGUAGE_STANDARD = "gnu++17";
				CLANG_ENABLE_MODULES = YES;
				CLANG_ENABLE_OBJC_ARC = YES;
				CLANG_ENABLE_OBJC_WEAK = YES;
				CLANG_WARN_BLOCK_CAPTURE_AUTORELEASING = YES;
				CLANG_WARN_BOOL_CONVERSION = YES;
				CLANG_WARN_COMMA = YES;
				CLANG_WARN_CONSTANT_CONVERSION = YES;
				CLANG_WARN_DEPRECATED_OBJC_IMPLEMENTATIONS = YES;
				CLANG_WARN_DIRECT_OBJC_ISA_USAGE = YES_ERROR;
				CLANG_WARN_DOCUMENTATION_COMMENTS = YES;
				CLANG_WARN_EMPTY_BODY = YES;
				CLANG_WARN_ENUM_CONVERSION = YES;
				CLANG_WARN_INFINITE_RECURSION = YES;
				CLANG_WARN_INT_CONVERSION = YES;
				CLANG_WARN_NON_LITERAL_NULL_CONVERSION = YES;
				CLANG_WARN_OBJC_IMPLICIT_RETAIN_SELF = YES;
				CLANG_WARN_OBJC_LITERAL_CONVERSION = YES;
				CLANG_WARN_OBJC_ROOT_CLASS = YES_ERROR;
				CLANG_WARN_QUOTED_INCLUDE_IN_FRAMEWORK_HEADER = YES;
				CLANG_WARN_RANGE_LOOP_ANALYSIS = YES;
				CLANG_WARN_STRICT_PROTOTYPES = YES;
				CLANG_WARN_SUSPICIOUS_MOVE = YES;
				CLANG_WARN_UNGUARDED_AVAILABILITY = YES_AGGRESSIVE;
				CLANG_WARN_UNREACHABLE_CODE = YES;
				CLANG_WARN__DUPLICATE_METHOD_MATCH = YES;
				COPY_PHASE_STRIP = NO;
				DEBUG_INFORMATION_FORMAT = dwarf;
				ENABLE_STRICT_OBJC_MSGSEND = YES;
				ENABLE_TESTABILITY = YES;
				GCC_C_LANGUAGE_STANDARD = gnu11;
				GCC_DYNAMIC_NO_PIC = NO;
				GCC_NO_COMMON_BLOCKS = YES;
				GCC_OPTIMIZATION_LEVEL = 0;
				GCC_PREPROCESSOR_DEFINITIONS = (
					"DEBUG=1",
					"$(inherited)",
				);
				GCC_WARN_64_TO_32_BIT_CONVERSION = YES;
				GCC_WARN_ABOUT_RETURN_TYPE = YES_ERROR;
				GCC_WARN_UNDECLARED_SELECTOR = YES;
				GCC_WARN_UNINITIALIZED_AUTOS = YES_AGGRESSIVE;
				GCC_WARN_UNUSED_FUNCTION = YES;
				GCC_WARN_UNUSED_VARIABLE = YES;
				IPHONEOS_DEPLOYMENT_TARGET = 15.5;
				MTL_ENABLE_DEBUG_INFO = INCLUDE_SOURCE;
				MTL_FAST_MATH = YES;
				ONLY_ACTIVE_ARCH = YES;
				SDKROOT = iphoneos;
				SWIFT_ACTIVE_COMPILATION_CONDITIONS = DEBUG;
				SWIFT_OPTIMIZATION_LEVEL = "-Onone";
			};
			name = Debug;
		};
		34A40693285DDF1400E705E7 /* Release */ = {
			isa = XCBuildConfiguration;
			buildSettings = {
				ALWAYS_SEARCH_USER_PATHS = NO;
				CLANG_ANALYZER_NONNULL = YES;
				CLANG_ANALYZER_NUMBER_OBJECT_CONVERSION = YES_AGGRESSIVE;
				CLANG_CXX_LANGUAGE_STANDARD = "gnu++17";
				CLANG_ENABLE_MODULES = YES;
				CLANG_ENABLE_OBJC_ARC = YES;
				CLANG_ENABLE_OBJC_WEAK = YES;
				CLANG_WARN_BLOCK_CAPTURE_AUTORELEASING = YES;
				CLANG_WARN_BOOL_CONVERSION = YES;
				CLANG_WARN_COMMA = YES;
				CLANG_WARN_CONSTANT_CONVERSION = YES;
				CLANG_WARN_DEPRECATED_OBJC_IMPLEMENTATIONS = YES;
				CLANG_WARN_DIRECT_OBJC_ISA_USAGE = YES_ERROR;
				CLANG_WARN_DOCUMENTATION_COMMENTS = YES;
				CLANG_WARN_EMPTY_BODY = YES;
				CLANG_WARN_ENUM_CONVERSION = YES;
				CLANG_WARN_INFINITE_RECURSION = YES;
				CLANG_WARN_INT_CONVERSION = YES;
				CLANG_WARN_NON_LITERAL_NULL_CONVERSION = YES;
				CLANG_WARN_OBJC_IMPLICIT_RETAIN_SELF = YES;
				CLANG_WARN_OBJC_LITERAL_CONVERSION = YES;
				CLANG_WARN_OBJC_ROOT_CLASS = YES_ERROR;
				CLANG_WARN_QUOTED_INCLUDE_IN_FRAMEWORK_HEADER = YES;
				CLANG_WARN_RANGE_LOOP_ANALYSIS = YES;
				CLANG_WARN_STRICT_PROTOTYPES = YES;
				CLANG_WARN_SUSPICIOUS_MOVE = YES;
				CLANG_WARN_UNGUARDED_AVAILABILITY = YES_AGGRESSIVE;
				CLANG_WARN_UNREACHABLE_CODE = YES;
				CLANG_WARN__DUPLICATE_METHOD_MATCH = YES;
				COPY_PHASE_STRIP = NO;
				DEBUG_INFORMATION_FORMAT = "dwarf-with-dsym";
				ENABLE_NS_ASSERTIONS = NO;
				ENABLE_STRICT_OBJC_MSGSEND = YES;
				GCC_C_LANGUAGE_STANDARD = gnu11;
				GCC_NO_COMMON_BLOCKS = YES;
				GCC_WARN_64_TO_32_BIT_CONVERSION = YES;
				GCC_WARN_ABOUT_RETURN_TYPE = YES_ERROR;
				GCC_WARN_UNDECLARED_SELECTOR = YES;
				GCC_WARN_UNINITIALIZED_AUTOS = YES_AGGRESSIVE;
				GCC_WARN_UNUSED_FUNCTION = YES;
				GCC_WARN_UNUSED_VARIABLE = YES;
				IPHONEOS_DEPLOYMENT_TARGET = 15.5;
				MTL_ENABLE_DEBUG_INFO = NO;
				MTL_FAST_MATH = YES;
				SDKROOT = iphoneos;
				SWIFT_COMPILATION_MODE = wholemodule;
				SWIFT_OPTIMIZATION_LEVEL = "-O";
				VALIDATE_PRODUCT = YES;
			};
			name = Release;
		};
		34A40695285DDF1400E705E7 /* Debug */ = {
			isa = XCBuildConfiguration;
			buildSettings = {
				ASSETCATALOG_COMPILER_APPICON_NAME = AppIcon;
				ASSETCATALOG_COMPILER_GLOBAL_ACCENT_COLOR_NAME = AccentColor;
				CODE_SIGN_IDENTITY = "Apple Development";
				CODE_SIGN_STYLE = Automatic;
				CURRENT_PROJECT_VERSION = 1;
				DEVELOPMENT_ASSET_PATHS = "\"Trivia Quest/Preview Content\"";
				DEVELOPMENT_TEAM = 75AH5GWFC7;
				ENABLE_PREVIEWS = YES;
				GENERATE_INFOPLIST_FILE = YES;
				INFOPLIST_KEY_UIApplicationSceneManifest_Generation = YES;
				INFOPLIST_KEY_UIApplicationSupportsIndirectInputEvents = YES;
				INFOPLIST_KEY_UILaunchScreen_Generation = YES;
				INFOPLIST_KEY_UISupportedInterfaceOrientations_iPad = "UIInterfaceOrientationPortrait UIInterfaceOrientationPortraitUpsideDown UIInterfaceOrientationLandscapeLeft UIInterfaceOrientationLandscapeRight";
				INFOPLIST_KEY_UISupportedInterfaceOrientations_iPhone = "UIInterfaceOrientationPortrait UIInterfaceOrientationLandscapeLeft UIInterfaceOrientationLandscapeRight";
				LD_RUNPATH_SEARCH_PATHS = (
					"$(inherited)",
					"@executable_path/Frameworks",
				);
				MARKETING_VERSION = 1.0;
				PRODUCT_BUNDLE_IDENTIFIER = "com.matthewthompson.Trivia-Quest";
				PRODUCT_NAME = "$(TARGET_NAME)";
				PROVISIONING_PROFILE_SPECIFIER = "";
				SWIFT_EMIT_LOC_STRINGS = YES;
				SWIFT_VERSION = 5.0;
				TARGETED_DEVICE_FAMILY = 1;
			};
			name = Debug;
		};
		34A40696285DDF1400E705E7 /* Release */ = {
			isa = XCBuildConfiguration;
			buildSettings = {
				ASSETCATALOG_COMPILER_APPICON_NAME = AppIcon;
				ASSETCATALOG_COMPILER_GLOBAL_ACCENT_COLOR_NAME = AccentColor;
				CODE_SIGN_IDENTITY = "Apple Development";
				CODE_SIGN_STYLE = Automatic;
				CURRENT_PROJECT_VERSION = 1;
				DEVELOPMENT_ASSET_PATHS = "\"Trivia Quest/Preview Content\"";
				DEVELOPMENT_TEAM = 75AH5GWFC7;
				ENABLE_PREVIEWS = YES;
				GENERATE_INFOPLIST_FILE = YES;
				INFOPLIST_KEY_UIApplicationSceneManifest_Generation = YES;
				INFOPLIST_KEY_UIApplicationSupportsIndirectInputEvents = YES;
				INFOPLIST_KEY_UILaunchScreen_Generation = YES;
				INFOPLIST_KEY_UISupportedInterfaceOrientations_iPad = "UIInterfaceOrientationPortrait UIInterfaceOrientationPortraitUpsideDown UIInterfaceOrientationLandscapeLeft UIInterfaceOrientationLandscapeRight";
				INFOPLIST_KEY_UISupportedInterfaceOrientations_iPhone = "UIInterfaceOrientationPortrait UIInterfaceOrientationLandscapeLeft UIInterfaceOrientationLandscapeRight";
				LD_RUNPATH_SEARCH_PATHS = (
					"$(inherited)",
					"@executable_path/Frameworks",
				);
				MARKETING_VERSION = 1.0;
				PRODUCT_BUNDLE_IDENTIFIER = "com.matthewthompson.Trivia-Quest";
				PRODUCT_NAME = "$(TARGET_NAME)";
				PROVISIONING_PROFILE_SPECIFIER = "";
				SWIFT_EMIT_LOC_STRINGS = YES;
				SWIFT_VERSION = 5.0;
				TARGETED_DEVICE_FAMILY = 1;
			};
			name = Release;
		};
/* End XCBuildConfiguration section */

/* Begin XCConfigurationList section */
		34A40681285DDF1200E705E7 /* Build configuration list for PBXProject "Trivia Quest" */ = {
			isa = XCConfigurationList;
			buildConfigurations = (
				34A40692285DDF1400E705E7 /* Debug */,
				34A40693285DDF1400E705E7 /* Release */,
			);
			defaultConfigurationIsVisible = 0;
			defaultConfigurationName = Release;
		};
		34A40694285DDF1400E705E7 /* Build configuration list for PBXNativeTarget "Trivia Quest" */ = {
			isa = XCConfigurationList;
			buildConfigurations = (
				34A40695285DDF1400E705E7 /* Debug */,
				34A40696285DDF1400E705E7 /* Release */,
			);
			defaultConfigurationIsVisible = 0;
			defaultConfigurationName = Release;
		};
/* End XCConfigurationList section */
	};
	rootObject = 34A4067E285DDF1200E705E7 /* Project object */;
}
